
Microsoft Visual Studio Solution File, Format Version 12.00
# Visual Studio Version 17
VisualStudioVersion = 17.5.002.0
MinimumVisualStudioVersion = 10.0.40219.1
Project("{9A19103F-16F7-4668-BE54-9A1E7A4F7556}") = "WarehouseManager", "WarehouseManager.csproj", "{15CF68DB-F299-444A-9A72-C03790381163}"
EndProject
Global
	GlobalSection(SolutionConfigurationPlatforms) = preSolution
		Debug|Any CPU = Debug|Any CPU
		Release|Any CPU = Release|Any CPU
	EndGlobalSection
	GlobalSection(ProjectConfigurationPlatforms) = postSolution
		{15CF68DB-F299-444A-9A72-C03790381163}.Debug|Any CPU.ActiveCfg = Debug|Any CPU
		{15CF68DB-F299-444A-9A72-C03790381163}.Debug|Any CPU.Build.0 = Debug|Any CPU
		{15CF68DB-F299-444A-9A72-C03790381163}.Release|Any CPU.ActiveCfg = Release|Any CPU
		{15CF68DB-F299-444A-9A72-C03790381163}.Release|Any CPU.Build.0 = Release|Any CPU
	EndGlobalSection
	GlobalSection(SolutionProperties) = preSolution
		HideSolutionNode = FALSE
	EndGlobalSection
	GlobalSection(ExtensibilityGlobals) = postSolution
		SolutionGuid = {9084B75D-0B7B-4BED-A541-6C28A16D1F40}
	EndGlobalSection
EndGlobal
