
Microsoft Visual Studio Solution File, Format Version 12.00
# Visual Studio Version 17
VisualStudioVersion = 17.13.35913.81 d17.13
MinimumVisualStudioVersion = 10.0.40219.1
Project("{FAE04EC0-301F-11D3-BF4B-00C04F79EFBC}") = "DOGAO2025", "DOGAO2025.csproj", "{28498D49-2EF2-4A49-8193-AE1BB947C32C}"
EndProject
Global
	GlobalSection(SolutionConfigurationPlatforms) = preSolution
		Debug|Any CPU = Debug|Any CPU
		Release|Any CPU = Release|Any CPU
	EndGlobalSection
	GlobalSection(ProjectConfigurationPlatforms) = postSolution
		{28498D49-2EF2-4A49-8193-AE1BB947C32C}.Debug|Any CPU.ActiveCfg = Debug|Any CPU
		{28498D49-2EF2-4A49-8193-AE1BB947C32C}.Debug|Any CPU.Build.0 = Debug|Any CPU
		{28498D49-2EF2-4A49-8193-AE1BB947C32C}.Release|Any CPU.ActiveCfg = Release|Any CPU
		{28498D49-2EF2-4A49-8193-AE1BB947C32C}.Release|Any CPU.Build.0 = Release|Any CPU
	EndGlobalSection
	GlobalSection(SolutionProperties) = preSolution
		HideSolutionNode = FALSE
	EndGlobalSection
	GlobalSection(ExtensibilityGlobals) = postSolution
		SolutionGuid = {9E2CDAE4-5075-42CD-9D11-811102E940B7}
	EndGlobalSection
EndGlobal
